
Microsoft Visual Studio Solution File, Format Version 12.00
# Visual Studio Version 17
VisualStudioVersion = 17.0.31912.275
MinimumVisualStudioVersion = 10.0.40219.1
Project("{FAE04EC0-301F-11D3-BF4B-00C04F79EFBC}") = "ProjetoPana", "ProjetoPana\ProjetoPana.csproj", "{08AD2A7C-D7C5-4C7C-AE45-918F5ABA4D1A}"
EndProject
Global
	GlobalSection(SolutionConfigurationPlatforms) = preSolution
		Debug|Any CPU = Debug|Any CPU
		Release|Any CPU = Release|Any CPU
	EndGlobalSection
	GlobalSection(ProjectConfigurationPlatforms) = postSolution
		{08AD2A7C-D7C5-4C7C-AE45-918F5ABA4D1A}.Debug|Any CPU.ActiveCfg = Debug|Any CPU
		{08AD2A7C-D7C5-4C7C-AE45-918F5ABA4D1A}.Debug|Any CPU.Build.0 = Debug|Any CPU
		{08AD2A7C-D7C5-4C7C-AE45-918F5ABA4D1A}.Release|Any CPU.ActiveCfg = Release|Any CPU
		{08AD2A7C-D7C5-4C7C-AE45-918F5ABA4D1A}.Release|Any CPU.Build.0 = Release|Any CPU
	EndGlobalSection
	GlobalSection(SolutionProperties) = preSolution
		HideSolutionNode = FALSE
	EndGlobalSection
	GlobalSection(ExtensibilityGlobals) = postSolution
		SolutionGuid = {16D50218-7A20-4E9A-91E1-1BFA311C6F76}
	EndGlobalSection
EndGlobal
